# This file is generated by running "yarn install" inside your project.
# Manual changes might be lost - proceed with caution!

__metadata:
  version: 5

"hello-yarn-workspaces@workspace:.":
  version: 0.0.0-use.local
  resolution: "hello-yarn-workspaces@workspace:."
  languageName: unknown
  linkType: soft

"ui@workspace:apps/ui":
  version: 0.0.0-use.local
  resolution: "ui@workspace:apps/ui"
  languageName: unknown
  linkType: soft
